
Microsoft Visual Studio Solution File, Format Version 12.00
# Visual Studio 15
Project("{FAE04EC0-301F-11D3-BF4B-00C04F79EFBC}") = "Assembly-CSharp-Editor", "Assembly-CSharp-Editor.csproj", "{C23137D9-EE07-5E49-70F8-BEA8E64DBCEA}"
EndProject
Project("{FAE04EC0-301F-11D3-BF4B-00C04F79EFBC}") = "Assembly-CSharp", "Assembly-CSharp.csproj", "{917FCE5F-4D64-5810-8A61-59B0F40F44AF}"
EndProject
Global
	GlobalSection(SolutionConfigurationPlatforms) = preSolution
		Debug|Any CPU = Debug|Any CPU
		Release|Any CPU = Release|Any CPU
	EndGlobalSection
	GlobalSection(ProjectConfigurationPlatforms) = postSolution
		{C23137D9-EE07-5E49-70F8-BEA8E64DBCEA}.Debug|Any CPU.ActiveCfg = Debug|Any CPU
		{C23137D9-EE07-5E49-70F8-BEA8E64DBCEA}.Debug|Any CPU.Build.0 = Debug|Any CPU
		{C23137D9-EE07-5E49-70F8-BEA8E64DBCEA}.Release|Any CPU.ActiveCfg = Release|Any CPU
		{C23137D9-EE07-5E49-70F8-BEA8E64DBCEA}.Release|Any CPU.Build.0 = Release|Any CPU
		{917FCE5F-4D64-5810-8A61-59B0F40F44AF}.Debug|Any CPU.ActiveCfg = Debug|Any CPU
		{917FCE5F-4D64-5810-8A61-59B0F40F44AF}.Debug|Any CPU.Build.0 = Debug|Any CPU
		{917FCE5F-4D64-5810-8A61-59B0F40F44AF}.Release|Any CPU.ActiveCfg = Release|Any CPU
		{917FCE5F-4D64-5810-8A61-59B0F40F44AF}.Release|Any CPU.Build.0 = Release|Any CPU
	EndGlobalSection
	GlobalSection(SolutionProperties) = preSolution
		HideSolutionNode = FALSE
	EndGlobalSection
EndGlobal
